
Microsoft Visual Studio Solution File, Format Version 12.00
# Visual Studio Version 17
VisualStudioVersion = 17.6.33801.468
MinimumVisualStudioVersion = 10.0.40219.1
Project("{9A19103F-16F7-4668-BE54-9A1E7A4F7556}") = "QuizNet", "QuizNet\QuizNet.csproj", "{023582E2-F6B0-481D-B10B-A9350AB7F55A}"
EndProject
Project("{2150E333-8FDC-42A3-9474-1A3956D46DE8}") = "Infrastructure", "Infrastructure", "{28BD13D6-3F84-4641-BCB2-25B563DB73D7}"
EndProject
Project("{9A19103F-16F7-4668-BE54-9A1E7A4F7556}") = "Infrastructure", "Infrastructure\Infrastructure.csproj", "{96DDA7D0-AE6E-4945-B0C5-47552F52BE2B}"
EndProject
Project("{2150E333-8FDC-42A3-9474-1A3956D46DE8}") = "Domain", "Domain", "{1C8C3C01-4ECC-40BD-BB36-C50E996690BE}"
EndProject
Project("{9A19103F-16F7-4668-BE54-9A1E7A4F7556}") = "Domain", "Domain\Domain.csproj", "{FE6269E6-C60B-4E1F-9AAD-C833A4766DF8}"
EndProject
Global
	GlobalSection(SolutionConfigurationPlatforms) = preSolution
		Debug|Any CPU = Debug|Any CPU
		Release|Any CPU = Release|Any CPU
	EndGlobalSection
	GlobalSection(ProjectConfigurationPlatforms) = postSolution
		{023582E2-F6B0-481D-B10B-A9350AB7F55A}.Debug|Any CPU.ActiveCfg = Debug|Any CPU
		{023582E2-F6B0-481D-B10B-A9350AB7F55A}.Debug|Any CPU.Build.0 = Debug|Any CPU
		{023582E2-F6B0-481D-B10B-A9350AB7F55A}.Release|Any CPU.ActiveCfg = Release|Any CPU
		{023582E2-F6B0-481D-B10B-A9350AB7F55A}.Release|Any CPU.Build.0 = Release|Any CPU
		{96DDA7D0-AE6E-4945-B0C5-47552F52BE2B}.Debug|Any CPU.ActiveCfg = Debug|Any CPU
		{96DDA7D0-AE6E-4945-B0C5-47552F52BE2B}.Debug|Any CPU.Build.0 = Debug|Any CPU
		{96DDA7D0-AE6E-4945-B0C5-47552F52BE2B}.Release|Any CPU.ActiveCfg = Release|Any CPU
		{96DDA7D0-AE6E-4945-B0C5-47552F52BE2B}.Release|Any CPU.Build.0 = Release|Any CPU
		{FE6269E6-C60B-4E1F-9AAD-C833A4766DF8}.Debug|Any CPU.ActiveCfg = Debug|Any CPU
		{FE6269E6-C60B-4E1F-9AAD-C833A4766DF8}.Debug|Any CPU.Build.0 = Debug|Any CPU
		{FE6269E6-C60B-4E1F-9AAD-C833A4766DF8}.Release|Any CPU.ActiveCfg = Release|Any CPU
		{FE6269E6-C60B-4E1F-9AAD-C833A4766DF8}.Release|Any CPU.Build.0 = Release|Any CPU
	EndGlobalSection
	GlobalSection(SolutionProperties) = preSolution
		HideSolutionNode = FALSE
	EndGlobalSection
	GlobalSection(NestedProjects) = preSolution
		{96DDA7D0-AE6E-4945-B0C5-47552F52BE2B} = {28BD13D6-3F84-4641-BCB2-25B563DB73D7}
		{FE6269E6-C60B-4E1F-9AAD-C833A4766DF8} = {1C8C3C01-4ECC-40BD-BB36-C50E996690BE}
	EndGlobalSection
	GlobalSection(ExtensibilityGlobals) = postSolution
		SolutionGuid = {35BE55D6-83B2-4998-AE3A-920CA0782AA1}
	EndGlobalSection
EndGlobal
